
Microsoft Visual Studio Solution File, Format Version 12.00
# Visual Studio Version 16
VisualStudioVersion = 16.0.30114.105
MinimumVisualStudioVersion = 10.0.40219.1
Project("{FAE04EC0-301F-11D3-BF4B-00C04F79EFBC}") = "30605458 Matabane MS CMPG212 Web Project", "30605458 Matabane MS CMPG212 Web Project.csproj", "{DDEF12EF-4B62-490E-A1D8-09B6D2F69DE8}"
EndProject
Global
	GlobalSection(SolutionConfigurationPlatforms) = preSolution
		Debug|Any CPU = Debug|Any CPU
		Release|Any CPU = Release|Any CPU
	EndGlobalSection
	GlobalSection(ProjectConfigurationPlatforms) = postSolution
		{DDEF12EF-4B62-490E-A1D8-09B6D2F69DE8}.Debug|Any CPU.ActiveCfg = Debug|Any CPU
		{DDEF12EF-4B62-490E-A1D8-09B6D2F69DE8}.Debug|Any CPU.Build.0 = Debug|Any CPU
		{DDEF12EF-4B62-490E-A1D8-09B6D2F69DE8}.Release|Any CPU.ActiveCfg = Release|Any CPU
		{DDEF12EF-4B62-490E-A1D8-09B6D2F69DE8}.Release|Any CPU.Build.0 = Release|Any CPU
	EndGlobalSection
	GlobalSection(SolutionProperties) = preSolution
		HideSolutionNode = FALSE
	EndGlobalSection
	GlobalSection(ExtensibilityGlobals) = postSolution
		SolutionGuid = {01D6BC2C-F42F-403E-8BA1-F1C2E3F6CF0B}
	EndGlobalSection
EndGlobal
